
Microsoft Visual Studio Solution File, Format Version 11.00
# Visual C++ Express 2010
Project("{8BC9CEB8-8B4A-11D0-8D11-00A0C91BC942}") = "LogiJoystickDLL", "LogiJoystickDLL\LogiJoystickDLL.vcxproj", "{62FA1486-30C0-4289-9557-6F5206977593}"
EndProject
Global
	GlobalSection(SolutionConfigurationPlatforms) = preSolution
		Release|Win32 = Release|Win32
	EndGlobalSection
	GlobalSection(ProjectConfigurationPlatforms) = postSolution
		{62FA1486-30C0-4289-9557-6F5206977593}.Release|Win32.ActiveCfg = Release|Win32
		{62FA1486-30C0-4289-9557-6F5206977593}.Release|Win32.Build.0 = Release|Win32
	EndGlobalSection
	GlobalSection(SolutionProperties) = preSolution
		HideSolutionNode = FALSE
	EndGlobalSection
EndGlobal
